
Microsoft Visual Studio Solution File, Format Version 12.00
# Visual Studio Version 16
VisualStudioVersion = 16.0.29503.13
MinimumVisualStudioVersion = 10.0.40219.1
Project("{FAE04EC0-301F-11D3-BF4B-00C04F79EFBC}") = "ChangeStatusApp", "ChangeStatusApp.csproj", "{84E247ED-4D54-4D92-814D-3325D5197681}"
EndProject
Global
	GlobalSection(SolutionConfigurationPlatforms) = preSolution
		Debug|Any CPU = Debug|Any CPU
		Release|Any CPU = Release|Any CPU
	EndGlobalSection
	GlobalSection(ProjectConfigurationPlatforms) = postSolution
		{84E247ED-4D54-4D92-814D-3325D5197681}.Debug|Any CPU.ActiveCfg = Debug|Any CPU
		{84E247ED-4D54-4D92-814D-3325D5197681}.Debug|Any CPU.Build.0 = Debug|Any CPU
		{84E247ED-4D54-4D92-814D-3325D5197681}.Release|Any CPU.ActiveCfg = Release|Any CPU
		{84E247ED-4D54-4D92-814D-3325D5197681}.Release|Any CPU.Build.0 = Release|Any CPU
	EndGlobalSection
	GlobalSection(SolutionProperties) = preSolution
		HideSolutionNode = FALSE
	EndGlobalSection
	GlobalSection(ExtensibilityGlobals) = postSolution
		SolutionGuid = {0A98975E-301F-4FE2-9DA7-F6D47DDA7B24}
	EndGlobalSection
EndGlobal
